
Microsoft Visual Studio Solution File, Format Version 12.00
# Visual Studio Version 17
VisualStudioVersion = 17.7.34031.279
MinimumVisualStudioVersion = 10.0.40219.1
Project("{FAE04EC0-301F-11D3-BF4B-00C04F79EFBC}") = "Exercicio URI Online Judge", "Exercicio URI Online Judge\Exercicio URI Online Judge.csproj", "{0F4E0FAC-2DAB-4ED3-BA56-79C439FB306E}"
EndProject
Global
	GlobalSection(SolutionConfigurationPlatforms) = preSolution
		Debug|Any CPU = Debug|Any CPU
		Release|Any CPU = Release|Any CPU
	EndGlobalSection
	GlobalSection(ProjectConfigurationPlatforms) = postSolution
		{0F4E0FAC-2DAB-4ED3-BA56-79C439FB306E}.Debug|Any CPU.ActiveCfg = Debug|Any CPU
		{0F4E0FAC-2DAB-4ED3-BA56-79C439FB306E}.Debug|Any CPU.Build.0 = Debug|Any CPU
		{0F4E0FAC-2DAB-4ED3-BA56-79C439FB306E}.Release|Any CPU.ActiveCfg = Release|Any CPU
		{0F4E0FAC-2DAB-4ED3-BA56-79C439FB306E}.Release|Any CPU.Build.0 = Release|Any CPU
	EndGlobalSection
	GlobalSection(SolutionProperties) = preSolution
		HideSolutionNode = FALSE
	EndGlobalSection
	GlobalSection(ExtensibilityGlobals) = postSolution
		SolutionGuid = {EF1DD8D8-F728-410D-8667-4FDCA4F08DE7}
	EndGlobalSection
EndGlobal
