
Microsoft Visual Studio Solution File, Format Version 12.00
# Visual Studio Version 17
VisualStudioVersion = 17.7.34031.279
MinimumVisualStudioVersion = 10.0.40219.1
Project("{FAE04EC0-301F-11D3-BF4B-00C04F79EFBC}") = "Exercicio_1006_URI", "Exercicio_1006_URI\Exercicio_1006_URI.csproj", "{5594090E-34CE-40E5-870C-B5E21E101F5F}"
EndProject
Global
	GlobalSection(SolutionConfigurationPlatforms) = preSolution
		Debug|Any CPU = Debug|Any CPU
		Release|Any CPU = Release|Any CPU
	EndGlobalSection
	GlobalSection(ProjectConfigurationPlatforms) = postSolution
		{5594090E-34CE-40E5-870C-B5E21E101F5F}.Debug|Any CPU.ActiveCfg = Debug|Any CPU
		{5594090E-34CE-40E5-870C-B5E21E101F5F}.Debug|Any CPU.Build.0 = Debug|Any CPU
		{5594090E-34CE-40E5-870C-B5E21E101F5F}.Release|Any CPU.ActiveCfg = Release|Any CPU
		{5594090E-34CE-40E5-870C-B5E21E101F5F}.Release|Any CPU.Build.0 = Release|Any CPU
	EndGlobalSection
	GlobalSection(SolutionProperties) = preSolution
		HideSolutionNode = FALSE
	EndGlobalSection
	GlobalSection(ExtensibilityGlobals) = postSolution
		SolutionGuid = {9F15E2EB-E570-4E07-A18E-663D89C81C36}
	EndGlobalSection
EndGlobal
