
Microsoft Visual Studio Solution File, Format Version 12.00
# Visual Studio Version 17
VisualStudioVersion = 17.10.34916.146
MinimumVisualStudioVersion = 10.0.40219.1
Project("{FAE04EC0-301F-11D3-BF4B-00C04F79EFBC}") = "Exercicio3EstruturaCondicional", "Exercicio3EstruturaCondicional\Exercicio3EstruturaCondicional.csproj", "{301E3E02-E525-4C96-B053-9A3F205140D4}"
EndProject
Global
	GlobalSection(SolutionConfigurationPlatforms) = preSolution
		Debug|Any CPU = Debug|Any CPU
		Release|Any CPU = Release|Any CPU
	EndGlobalSection
	GlobalSection(ProjectConfigurationPlatforms) = postSolution
		{301E3E02-E525-4C96-B053-9A3F205140D4}.Debug|Any CPU.ActiveCfg = Debug|Any CPU
		{301E3E02-E525-4C96-B053-9A3F205140D4}.Debug|Any CPU.Build.0 = Debug|Any CPU
		{301E3E02-E525-4C96-B053-9A3F205140D4}.Release|Any CPU.ActiveCfg = Release|Any CPU
		{301E3E02-E525-4C96-B053-9A3F205140D4}.Release|Any CPU.Build.0 = Release|Any CPU
	EndGlobalSection
	GlobalSection(SolutionProperties) = preSolution
		HideSolutionNode = FALSE
	EndGlobalSection
	GlobalSection(ExtensibilityGlobals) = postSolution
		SolutionGuid = {67C94631-B2E1-4957-A17A-C259D59AD5C9}
	EndGlobalSection
EndGlobal
