
Microsoft Visual Studio Solution File, Format Version 12.00
# Visual Studio Version 17
VisualStudioVersion = 17.9.34622.214
MinimumVisualStudioVersion = 10.0.40219.1
Project("{FAE04EC0-301F-11D3-BF4B-00C04F79EFBC}") = "Exercicio_1015", "Exercicio_1015\Exercicio_1015.csproj", "{763ECA2A-E47B-4583-A5BB-C0966F3C754D}"
EndProject
Global
	GlobalSection(SolutionConfigurationPlatforms) = preSolution
		Debug|Any CPU = Debug|Any CPU
		Release|Any CPU = Release|Any CPU
	EndGlobalSection
	GlobalSection(ProjectConfigurationPlatforms) = postSolution
		{763ECA2A-E47B-4583-A5BB-C0966F3C754D}.Debug|Any CPU.ActiveCfg = Debug|Any CPU
		{763ECA2A-E47B-4583-A5BB-C0966F3C754D}.Debug|Any CPU.Build.0 = Debug|Any CPU
		{763ECA2A-E47B-4583-A5BB-C0966F3C754D}.Release|Any CPU.ActiveCfg = Release|Any CPU
		{763ECA2A-E47B-4583-A5BB-C0966F3C754D}.Release|Any CPU.Build.0 = Release|Any CPU
	EndGlobalSection
	GlobalSection(SolutionProperties) = preSolution
		HideSolutionNode = FALSE
	EndGlobalSection
	GlobalSection(ExtensibilityGlobals) = postSolution
		SolutionGuid = {460132A9-1446-44EB-8F25-E28DA0CB5B1C}
	EndGlobalSection
EndGlobal
