
Microsoft Visual Studio Solution File, Format Version 12.00
# Visual Studio Version 17
VisualStudioVersion = 17.10.35004.147
MinimumVisualStudioVersion = 10.0.40219.1
Project("{9A19103F-16F7-4668-BE54-9A1E7A4F7556}") = "EstruturaRepetitiva", "EstruturaRepetitiva.csproj", "{87264D34-906C-4904-8E4D-C8BC2D983959}"
EndProject
Project("{9A19103F-16F7-4668-BE54-9A1E7A4F7556}") = "TesteDeMesa", "..\Estrutura Condicional\TesteDeMesa\TesteDeMesa.csproj", "{65E2FAE0-3DCE-4EDB-B7E1-E1B453A8171D}"
EndProject
Project("{9A19103F-16F7-4668-BE54-9A1E7A4F7556}") = "TestedeMesa1", "..\TestedeMesa1\TestedeMesa1.csproj", "{8CE15FF7-CB45-4111-ADF8-805E49230DE6}"
EndProject
Project("{9A19103F-16F7-4668-BE54-9A1E7A4F7556}") = "TestedeMesa2", "..\TestedeMesa2\TestedeMesa2.csproj", "{6035B1B0-FDF3-4E76-87F3-A0C527872156}"
EndProject
Project("{9A19103F-16F7-4668-BE54-9A1E7A4F7556}") = "TestedeMesa3", "..\TestedeMesa3\TestedeMesa3.csproj", "{6AC00449-940D-4A46-8AEC-CD8839DCF66F}"
EndProject
Project("{9A19103F-16F7-4668-BE54-9A1E7A4F7556}") = "TestedeMesa4", "..\TestedeMesa4\TestedeMesa4.csproj", "{87A373D4-4C02-40A8-801B-487EB56CCA8A}"
EndProject
Project("{9A19103F-16F7-4668-BE54-9A1E7A4F7556}") = "TestedeMesa5", "..\TestedeMesa5\TestedeMesa5.csproj", "{59F5960B-9DF6-433F-88D8-BDF47239D7B9}"
EndProject
Project("{9A19103F-16F7-4668-BE54-9A1E7A4F7556}") = "TestedeMesa6", "..\TestedeMesa6\TestedeMesa6.csproj", "{252A4A67-E4C8-4DF9-9012-8E96CBB63D30}"
EndProject
Project("{9A19103F-16F7-4668-BE54-9A1E7A4F7556}") = "Exercicio_URI_1113", "..\Exercicio_URI_1113\Exercicio_URI_1113.csproj", "{85125FA0-D8CC-4DEB-BDF8-165E62661F4C}"
EndProject
Project("{9A19103F-16F7-4668-BE54-9A1E7A4F7556}") = "Exercicio2_EstruturaRepetitiva", "..\Exercicio2_EstruturaRepetitiva\Exercicio2_EstruturaRepetitiva.csproj", "{2FBB6E86-7DE9-48BE-AB30-DDDD25E42C5A}"
EndProject
Project("{9A19103F-16F7-4668-BE54-9A1E7A4F7556}") = "Exercicio_1114_URI", "..\Exercicio_1114_URI\Exercicio_1114_URI.csproj", "{C1C4805D-B255-4BE1-9BAE-BB777B24A274}"
EndProject
Project("{9A19103F-16F7-4668-BE54-9A1E7A4F7556}") = "Exercicio_1115_URI", "..\Exercicio_1115_URI\Exercicio_1115_URI.csproj", "{2FA930E6-6CEA-4BA7-B99D-DC5904D1BBB1}"
EndProject
Project("{FAE04EC0-301F-11D3-BF4B-00C04F79EFBC}") = "Exercicio_1117_URI", "..\Exercicio_1117_URI\Exercicio_1117_URI.csproj", "{0F202A5E-105F-43D6-AC85-DF8E74591A01}"
EndProject
Global
	GlobalSection(SolutionConfigurationPlatforms) = preSolution
		Debug|Any CPU = Debug|Any CPU
		Release|Any CPU = Release|Any CPU
	EndGlobalSection
	GlobalSection(ProjectConfigurationPlatforms) = postSolution
		{87264D34-906C-4904-8E4D-C8BC2D983959}.Debug|Any CPU.ActiveCfg = Debug|Any CPU
		{87264D34-906C-4904-8E4D-C8BC2D983959}.Debug|Any CPU.Build.0 = Debug|Any CPU
		{87264D34-906C-4904-8E4D-C8BC2D983959}.Release|Any CPU.ActiveCfg = Release|Any CPU
		{87264D34-906C-4904-8E4D-C8BC2D983959}.Release|Any CPU.Build.0 = Release|Any CPU
		{65E2FAE0-3DCE-4EDB-B7E1-E1B453A8171D}.Debug|Any CPU.ActiveCfg = Debug|Any CPU
		{65E2FAE0-3DCE-4EDB-B7E1-E1B453A8171D}.Debug|Any CPU.Build.0 = Debug|Any CPU
		{65E2FAE0-3DCE-4EDB-B7E1-E1B453A8171D}.Release|Any CPU.ActiveCfg = Release|Any CPU
		{65E2FAE0-3DCE-4EDB-B7E1-E1B453A8171D}.Release|Any CPU.Build.0 = Release|Any CPU
		{8CE15FF7-CB45-4111-ADF8-805E49230DE6}.Debug|Any CPU.ActiveCfg = Debug|Any CPU
		{8CE15FF7-CB45-4111-ADF8-805E49230DE6}.Debug|Any CPU.Build.0 = Debug|Any CPU
		{8CE15FF7-CB45-4111-ADF8-805E49230DE6}.Release|Any CPU.ActiveCfg = Release|Any CPU
		{8CE15FF7-CB45-4111-ADF8-805E49230DE6}.Release|Any CPU.Build.0 = Release|Any CPU
		{6035B1B0-FDF3-4E76-87F3-A0C527872156}.Debug|Any CPU.ActiveCfg = Debug|Any CPU
		{6035B1B0-FDF3-4E76-87F3-A0C527872156}.Debug|Any CPU.Build.0 = Debug|Any CPU
		{6035B1B0-FDF3-4E76-87F3-A0C527872156}.Release|Any CPU.ActiveCfg = Release|Any CPU
		{6035B1B0-FDF3-4E76-87F3-A0C527872156}.Release|Any CPU.Build.0 = Release|Any CPU
		{6AC00449-940D-4A46-8AEC-CD8839DCF66F}.Debug|Any CPU.ActiveCfg = Debug|Any CPU
		{6AC00449-940D-4A46-8AEC-CD8839DCF66F}.Debug|Any CPU.Build.0 = Debug|Any CPU
		{6AC00449-940D-4A46-8AEC-CD8839DCF66F}.Release|Any CPU.ActiveCfg = Release|Any CPU
		{6AC00449-940D-4A46-8AEC-CD8839DCF66F}.Release|Any CPU.Build.0 = Release|Any CPU
		{87A373D4-4C02-40A8-801B-487EB56CCA8A}.Debug|Any CPU.ActiveCfg = Debug|Any CPU
		{87A373D4-4C02-40A8-801B-487EB56CCA8A}.Debug|Any CPU.Build.0 = Debug|Any CPU
		{87A373D4-4C02-40A8-801B-487EB56CCA8A}.Release|Any CPU.ActiveCfg = Release|Any CPU
		{87A373D4-4C02-40A8-801B-487EB56CCA8A}.Release|Any CPU.Build.0 = Release|Any CPU
		{59F5960B-9DF6-433F-88D8-BDF47239D7B9}.Debug|Any CPU.ActiveCfg = Debug|Any CPU
		{59F5960B-9DF6-433F-88D8-BDF47239D7B9}.Debug|Any CPU.Build.0 = Debug|Any CPU
		{59F5960B-9DF6-433F-88D8-BDF47239D7B9}.Release|Any CPU.ActiveCfg = Release|Any CPU
		{59F5960B-9DF6-433F-88D8-BDF47239D7B9}.Release|Any CPU.Build.0 = Release|Any CPU
		{252A4A67-E4C8-4DF9-9012-8E96CBB63D30}.Debug|Any CPU.ActiveCfg = Debug|Any CPU
		{252A4A67-E4C8-4DF9-9012-8E96CBB63D30}.Debug|Any CPU.Build.0 = Debug|Any CPU
		{252A4A67-E4C8-4DF9-9012-8E96CBB63D30}.Release|Any CPU.ActiveCfg = Release|Any CPU
		{252A4A67-E4C8-4DF9-9012-8E96CBB63D30}.Release|Any CPU.Build.0 = Release|Any CPU
		{85125FA0-D8CC-4DEB-BDF8-165E62661F4C}.Debug|Any CPU.ActiveCfg = Debug|Any CPU
		{85125FA0-D8CC-4DEB-BDF8-165E62661F4C}.Debug|Any CPU.Build.0 = Debug|Any CPU
		{85125FA0-D8CC-4DEB-BDF8-165E62661F4C}.Release|Any CPU.ActiveCfg = Release|Any CPU
		{85125FA0-D8CC-4DEB-BDF8-165E62661F4C}.Release|Any CPU.Build.0 = Release|Any CPU
		{2FBB6E86-7DE9-48BE-AB30-DDDD25E42C5A}.Debug|Any CPU.ActiveCfg = Debug|Any CPU
		{2FBB6E86-7DE9-48BE-AB30-DDDD25E42C5A}.Debug|Any CPU.Build.0 = Debug|Any CPU
		{2FBB6E86-7DE9-48BE-AB30-DDDD25E42C5A}.Release|Any CPU.ActiveCfg = Release|Any CPU
		{2FBB6E86-7DE9-48BE-AB30-DDDD25E42C5A}.Release|Any CPU.Build.0 = Release|Any CPU
		{C1C4805D-B255-4BE1-9BAE-BB777B24A274}.Debug|Any CPU.ActiveCfg = Debug|Any CPU
		{C1C4805D-B255-4BE1-9BAE-BB777B24A274}.Debug|Any CPU.Build.0 = Debug|Any CPU
		{C1C4805D-B255-4BE1-9BAE-BB777B24A274}.Release|Any CPU.ActiveCfg = Release|Any CPU
		{C1C4805D-B255-4BE1-9BAE-BB777B24A274}.Release|Any CPU.Build.0 = Release|Any CPU
		{2FA930E6-6CEA-4BA7-B99D-DC5904D1BBB1}.Debug|Any CPU.ActiveCfg = Debug|Any CPU
		{2FA930E6-6CEA-4BA7-B99D-DC5904D1BBB1}.Debug|Any CPU.Build.0 = Debug|Any CPU
		{2FA930E6-6CEA-4BA7-B99D-DC5904D1BBB1}.Release|Any CPU.ActiveCfg = Release|Any CPU
		{2FA930E6-6CEA-4BA7-B99D-DC5904D1BBB1}.Release|Any CPU.Build.0 = Release|Any CPU
		{0F202A5E-105F-43D6-AC85-DF8E74591A01}.Debug|Any CPU.ActiveCfg = Debug|Any CPU
		{0F202A5E-105F-43D6-AC85-DF8E74591A01}.Debug|Any CPU.Build.0 = Debug|Any CPU
		{0F202A5E-105F-43D6-AC85-DF8E74591A01}.Release|Any CPU.ActiveCfg = Release|Any CPU
		{0F202A5E-105F-43D6-AC85-DF8E74591A01}.Release|Any CPU.Build.0 = Release|Any CPU
	EndGlobalSection
	GlobalSection(SolutionProperties) = preSolution
		HideSolutionNode = FALSE
	EndGlobalSection
	GlobalSection(ExtensibilityGlobals) = postSolution
		SolutionGuid = {D4632EBC-8703-4C3A-8456-53EF19D3B82D}
	EndGlobalSection
EndGlobal
