
Microsoft Visual Studio Solution File, Format Version 12.00
# Visual Studio Version 17
VisualStudioVersion = 17.10.35004.147
MinimumVisualStudioVersion = 10.0.40219.1
Project("{9A19103F-16F7-4668-BE54-9A1E7A4F7556}") = "EstruturaRepetitiva", "EstruturaRepetitiva.csproj", "{87264D34-906C-4904-8E4D-C8BC2D983959}"
EndProject
Project("{FAE04EC0-301F-11D3-BF4B-00C04F79EFBC}") = "TesteDeMesa", "..\Estrutura Condicional\TesteDeMesa\TesteDeMesa.csproj", "{65E2FAE0-3DCE-4EDB-B7E1-E1B453A8171D}"
EndProject
Global
	GlobalSection(SolutionConfigurationPlatforms) = preSolution
		Debug|Any CPU = Debug|Any CPU
		Release|Any CPU = Release|Any CPU
	EndGlobalSection
	GlobalSection(ProjectConfigurationPlatforms) = postSolution
		{87264D34-906C-4904-8E4D-C8BC2D983959}.Debug|Any CPU.ActiveCfg = Debug|Any CPU
		{87264D34-906C-4904-8E4D-C8BC2D983959}.Debug|Any CPU.Build.0 = Debug|Any CPU
		{87264D34-906C-4904-8E4D-C8BC2D983959}.Release|Any CPU.ActiveCfg = Release|Any CPU
		{87264D34-906C-4904-8E4D-C8BC2D983959}.Release|Any CPU.Build.0 = Release|Any CPU
		{65E2FAE0-3DCE-4EDB-B7E1-E1B453A8171D}.Debug|Any CPU.ActiveCfg = Debug|Any CPU
		{65E2FAE0-3DCE-4EDB-B7E1-E1B453A8171D}.Debug|Any CPU.Build.0 = Debug|Any CPU
		{65E2FAE0-3DCE-4EDB-B7E1-E1B453A8171D}.Release|Any CPU.ActiveCfg = Release|Any CPU
		{65E2FAE0-3DCE-4EDB-B7E1-E1B453A8171D}.Release|Any CPU.Build.0 = Release|Any CPU
	EndGlobalSection
	GlobalSection(SolutionProperties) = preSolution
		HideSolutionNode = FALSE
	EndGlobalSection
	GlobalSection(ExtensibilityGlobals) = postSolution
		SolutionGuid = {D4632EBC-8703-4C3A-8456-53EF19D3B82D}
	EndGlobalSection
EndGlobal
