
Microsoft Visual Studio Solution File, Format Version 12.00
# Visual Studio Version 17
VisualStudioVersion = 17.9.34622.214
MinimumVisualStudioVersion = 10.0.40219.1
Project("{FAE04EC0-301F-11D3-BF4B-00C04F79EFBC}") = "Exercicio_1018_URI", "Exercicio_1018_URI\Exercicio_1018_URI.csproj", "{04667F24-0A71-42DB-90D3-CC9577427C37}"
EndProject
Global
	GlobalSection(SolutionConfigurationPlatforms) = preSolution
		Debug|Any CPU = Debug|Any CPU
		Release|Any CPU = Release|Any CPU
	EndGlobalSection
	GlobalSection(ProjectConfigurationPlatforms) = postSolution
		{04667F24-0A71-42DB-90D3-CC9577427C37}.Debug|Any CPU.ActiveCfg = Debug|Any CPU
		{04667F24-0A71-42DB-90D3-CC9577427C37}.Debug|Any CPU.Build.0 = Debug|Any CPU
		{04667F24-0A71-42DB-90D3-CC9577427C37}.Release|Any CPU.ActiveCfg = Release|Any CPU
		{04667F24-0A71-42DB-90D3-CC9577427C37}.Release|Any CPU.Build.0 = Release|Any CPU
	EndGlobalSection
	GlobalSection(SolutionProperties) = preSolution
		HideSolutionNode = FALSE
	EndGlobalSection
	GlobalSection(ExtensibilityGlobals) = postSolution
		SolutionGuid = {F2C9E7D1-AAB9-4B29-B045-2D08DDCA4CC9}
	EndGlobalSection
EndGlobal
