
Microsoft Visual Studio Solution File, Format Version 12.00
# Visual Studio Version 17
VisualStudioVersion = 17.9.34622.214
MinimumVisualStudioVersion = 10.0.40219.1
Project("{FAE04EC0-301F-11D3-BF4B-00C04F79EFBC}") = "Exericio 01 EstruturaCondicional", "Exericio 01 EstruturaCondicional\Exericio 01 EstruturaCondicional.csproj", "{77C37DE9-2F4D-4A0F-89A1-B55A25203931}"
EndProject
Global
	GlobalSection(SolutionConfigurationPlatforms) = preSolution
		Debug|Any CPU = Debug|Any CPU
		Release|Any CPU = Release|Any CPU
	EndGlobalSection
	GlobalSection(ProjectConfigurationPlatforms) = postSolution
		{77C37DE9-2F4D-4A0F-89A1-B55A25203931}.Debug|Any CPU.ActiveCfg = Debug|Any CPU
		{77C37DE9-2F4D-4A0F-89A1-B55A25203931}.Debug|Any CPU.Build.0 = Debug|Any CPU
		{77C37DE9-2F4D-4A0F-89A1-B55A25203931}.Release|Any CPU.ActiveCfg = Release|Any CPU
		{77C37DE9-2F4D-4A0F-89A1-B55A25203931}.Release|Any CPU.Build.0 = Release|Any CPU
	EndGlobalSection
	GlobalSection(SolutionProperties) = preSolution
		HideSolutionNode = FALSE
	EndGlobalSection
	GlobalSection(ExtensibilityGlobals) = postSolution
		SolutionGuid = {5D8B3730-DB06-4C71-B398-797F4F4DFCB1}
	EndGlobalSection
EndGlobal
