
Microsoft Visual Studio Solution File, Format Version 12.00
# Visual Studio Version 17
VisualStudioVersion = 17.10.35027.167
MinimumVisualStudioVersion = 10.0.40219.1
Project("{9A19103F-16F7-4668-BE54-9A1E7A4F7556}") = "Vetores", "Vetores\Vetores.csproj", "{8310C485-32FA-41F9-B27B-297335A82AFD}"
EndProject
Project("{9A19103F-16F7-4668-BE54-9A1E7A4F7556}") = "TestedeMesa1", "TestedeMesa1\TestedeMesa1.csproj", "{369B2EC0-9956-4FE3-A084-6D8024B9EFE7}"
EndProject
Project("{9A19103F-16F7-4668-BE54-9A1E7A4F7556}") = "TestedeMesa2", "TestedeMesa2\TestedeMesa2.csproj", "{726AFED3-CFEA-4345-AA4E-C8CB9818A344}"
EndProject
Project("{FAE04EC0-301F-11D3-BF4B-00C04F79EFBC}") = "TestedeMesa3", "TestedeMesa3\TestedeMesa3.csproj", "{BECDF31A-4AB3-4CD5-867E-B848DB86C541}"
EndProject
Global
	GlobalSection(SolutionConfigurationPlatforms) = preSolution
		Debug|Any CPU = Debug|Any CPU
		Release|Any CPU = Release|Any CPU
	EndGlobalSection
	GlobalSection(ProjectConfigurationPlatforms) = postSolution
		{8310C485-32FA-41F9-B27B-297335A82AFD}.Debug|Any CPU.ActiveCfg = Debug|Any CPU
		{8310C485-32FA-41F9-B27B-297335A82AFD}.Debug|Any CPU.Build.0 = Debug|Any CPU
		{8310C485-32FA-41F9-B27B-297335A82AFD}.Release|Any CPU.ActiveCfg = Release|Any CPU
		{8310C485-32FA-41F9-B27B-297335A82AFD}.Release|Any CPU.Build.0 = Release|Any CPU
		{369B2EC0-9956-4FE3-A084-6D8024B9EFE7}.Debug|Any CPU.ActiveCfg = Debug|Any CPU
		{369B2EC0-9956-4FE3-A084-6D8024B9EFE7}.Debug|Any CPU.Build.0 = Debug|Any CPU
		{369B2EC0-9956-4FE3-A084-6D8024B9EFE7}.Release|Any CPU.ActiveCfg = Release|Any CPU
		{369B2EC0-9956-4FE3-A084-6D8024B9EFE7}.Release|Any CPU.Build.0 = Release|Any CPU
		{726AFED3-CFEA-4345-AA4E-C8CB9818A344}.Debug|Any CPU.ActiveCfg = Debug|Any CPU
		{726AFED3-CFEA-4345-AA4E-C8CB9818A344}.Debug|Any CPU.Build.0 = Debug|Any CPU
		{726AFED3-CFEA-4345-AA4E-C8CB9818A344}.Release|Any CPU.ActiveCfg = Release|Any CPU
		{726AFED3-CFEA-4345-AA4E-C8CB9818A344}.Release|Any CPU.Build.0 = Release|Any CPU
		{BECDF31A-4AB3-4CD5-867E-B848DB86C541}.Debug|Any CPU.ActiveCfg = Debug|Any CPU
		{BECDF31A-4AB3-4CD5-867E-B848DB86C541}.Debug|Any CPU.Build.0 = Debug|Any CPU
		{BECDF31A-4AB3-4CD5-867E-B848DB86C541}.Release|Any CPU.ActiveCfg = Release|Any CPU
		{BECDF31A-4AB3-4CD5-867E-B848DB86C541}.Release|Any CPU.Build.0 = Release|Any CPU
	EndGlobalSection
	GlobalSection(SolutionProperties) = preSolution
		HideSolutionNode = FALSE
	EndGlobalSection
	GlobalSection(ExtensibilityGlobals) = postSolution
		SolutionGuid = {5F16BD61-F516-4F32-8BCA-7EE802A4F716}
	EndGlobalSection
EndGlobal
